
Microsoft Visual Studio Solution File, Format Version 12.00
# Visual Studio Version 16
VisualStudioVersion = 16.0.33801.447
MinimumVisualStudioVersion = 10.0.40219.1
Project("{9092AA53-FB77-4645-B42D-1CCCA6BD08BD}") = "chatemup", "chatemup.njsproj", "{4282A1AB-6356-4979-A2D4-F2C5E2068CC8}"
EndProject
Global
	GlobalSection(SolutionConfigurationPlatforms) = preSolution
		Debug|Any CPU = Debug|Any CPU
		Release|Any CPU = Release|Any CPU
	EndGlobalSection
	GlobalSection(ProjectConfigurationPlatforms) = postSolution
		{4282A1AB-6356-4979-A2D4-F2C5E2068CC8}.Debug|Any CPU.ActiveCfg = Debug|Any CPU
		{4282A1AB-6356-4979-A2D4-F2C5E2068CC8}.Debug|Any CPU.Build.0 = Debug|Any CPU
		{4282A1AB-6356-4979-A2D4-F2C5E2068CC8}.Release|Any CPU.ActiveCfg = Release|Any CPU
		{4282A1AB-6356-4979-A2D4-F2C5E2068CC8}.Release|Any CPU.Build.0 = Release|Any CPU
	EndGlobalSection
	GlobalSection(SolutionProperties) = preSolution
		HideSolutionNode = FALSE
	EndGlobalSection
	GlobalSection(ExtensibilityGlobals) = postSolution
		SolutionGuid = {DF52111B-8399-4A5C-AA36-336FE170448B}
	EndGlobalSection
EndGlobal
